
Microsoft Visual Studio Solution File, Format Version 12.00
# Visual Studio 2017
Project("{FAE04EC0-301F-11D3-BF4B-00C04F79EFBC}") = "Bow&ArrowDefence.Plugins", "Bow&ArrowDefence.Plugins.csproj", "{5EEC3DFF-49EC-AA80-0A8C-CC26044EC1EF}"
EndProject
Project("{FAE04EC0-301F-11D3-BF4B-00C04F79EFBC}") = "Bow&ArrowDefence", "Bow&ArrowDefence.csproj", "{7D1013F3-7B09-2045-62FD-ED1E15E1BD08}"
EndProject
Project("{FAE04EC0-301F-11D3-BF4B-00C04F79EFBC}") = "Bow&ArrowDefence.Editor.Plugins", "Bow&ArrowDefence.Editor.Plugins.csproj", "{FF9FE02E-320E-55A9-7382-0FCAB7731E3F}"
EndProject
Project("{FAE04EC0-301F-11D3-BF4B-00C04F79EFBC}") = "Bow&ArrowDefence.Editor", "Bow&ArrowDefence.Editor.csproj", "{F70D797D-0F4E-0B65-D9A1-C125DE47D0FB}"
EndProject
Global
	GlobalSection(SolutionConfigurationPlatforms) = preSolution
		Debug|Any CPU = Debug|Any CPU
		Release|Any CPU = Release|Any CPU
	EndGlobalSection
	GlobalSection(ProjectConfigurationPlatforms) = postSolution
		{5EEC3DFF-49EC-AA80-0A8C-CC26044EC1EF}.Debug|Any CPU.ActiveCfg = Debug|Any CPU
		{5EEC3DFF-49EC-AA80-0A8C-CC26044EC1EF}.Debug|Any CPU.Build.0 = Debug|Any CPU
		{5EEC3DFF-49EC-AA80-0A8C-CC26044EC1EF}.Release|Any CPU.ActiveCfg = Release|Any CPU
		{5EEC3DFF-49EC-AA80-0A8C-CC26044EC1EF}.Release|Any CPU.Build.0 = Release|Any CPU
		{7D1013F3-7B09-2045-62FD-ED1E15E1BD08}.Debug|Any CPU.ActiveCfg = Debug|Any CPU
		{7D1013F3-7B09-2045-62FD-ED1E15E1BD08}.Debug|Any CPU.Build.0 = Debug|Any CPU
		{7D1013F3-7B09-2045-62FD-ED1E15E1BD08}.Release|Any CPU.ActiveCfg = Release|Any CPU
		{7D1013F3-7B09-2045-62FD-ED1E15E1BD08}.Release|Any CPU.Build.0 = Release|Any CPU
		{FF9FE02E-320E-55A9-7382-0FCAB7731E3F}.Debug|Any CPU.ActiveCfg = Debug|Any CPU
		{FF9FE02E-320E-55A9-7382-0FCAB7731E3F}.Debug|Any CPU.Build.0 = Debug|Any CPU
		{FF9FE02E-320E-55A9-7382-0FCAB7731E3F}.Release|Any CPU.ActiveCfg = Release|Any CPU
		{FF9FE02E-320E-55A9-7382-0FCAB7731E3F}.Release|Any CPU.Build.0 = Release|Any CPU
		{F70D797D-0F4E-0B65-D9A1-C125DE47D0FB}.Debug|Any CPU.ActiveCfg = Debug|Any CPU
		{F70D797D-0F4E-0B65-D9A1-C125DE47D0FB}.Debug|Any CPU.Build.0 = Debug|Any CPU
		{F70D797D-0F4E-0B65-D9A1-C125DE47D0FB}.Release|Any CPU.ActiveCfg = Release|Any CPU
		{F70D797D-0F4E-0B65-D9A1-C125DE47D0FB}.Release|Any CPU.Build.0 = Release|Any CPU
	EndGlobalSection
	GlobalSection(SolutionProperties) = preSolution
		HideSolutionNode = FALSE
	EndGlobalSection
EndGlobal
